
Microsoft Visual Studio Solution File, Format Version 12.00
# Visual Studio Version 16
VisualStudioVersion = 16.0.30621.155
MinimumVisualStudioVersion = 10.0.40219.1
Project("{9A19103F-16F7-4668-BE54-9A1E7A4F7556}") = "CarDealer.Domain", "CarDealer.Domain\CarDealer.Domain.csproj", "{4A8B23FB-9CE2-4E3C-8047-C00BAC9E5BA2}"
EndProject
Project("{9A19103F-16F7-4668-BE54-9A1E7A4F7556}") = "CarDealer.Data", "CarDealer.Data\CarDealer.Data.csproj", "{75D14C45-3B2B-4701-AE56-97FB0221BF78}"
EndProject
Project("{9A19103F-16F7-4668-BE54-9A1E7A4F7556}") = "Debugger", "Debugger\Debugger.csproj", "{06BB859D-6F72-4E92-884B-8E2D8038F3E5}"
EndProject
Project("{9A19103F-16F7-4668-BE54-9A1E7A4F7556}") = "CarDealerAPI", "CarDealerAPI\CarDealerAPI.csproj", "{5C5249C0-1C8B-44F3-99FC-B41567C19EFE}"
EndProject
Project("{9A19103F-16F7-4668-BE54-9A1E7A4F7556}") = "CarDealerBusiness", "CarDealerServices\CarDealerBusiness.csproj", "{0B58586A-2EBA-4157-B1A3-BC8CE5A0694F}"
EndProject
Global
	GlobalSection(SolutionConfigurationPlatforms) = preSolution
		Debug|Any CPU = Debug|Any CPU
		Release|Any CPU = Release|Any CPU
	EndGlobalSection
	GlobalSection(ProjectConfigurationPlatforms) = postSolution
		{4A8B23FB-9CE2-4E3C-8047-C00BAC9E5BA2}.Debug|Any CPU.ActiveCfg = Debug|Any CPU
		{4A8B23FB-9CE2-4E3C-8047-C00BAC9E5BA2}.Debug|Any CPU.Build.0 = Debug|Any CPU
		{4A8B23FB-9CE2-4E3C-8047-C00BAC9E5BA2}.Release|Any CPU.ActiveCfg = Release|Any CPU
		{4A8B23FB-9CE2-4E3C-8047-C00BAC9E5BA2}.Release|Any CPU.Build.0 = Release|Any CPU
		{75D14C45-3B2B-4701-AE56-97FB0221BF78}.Debug|Any CPU.ActiveCfg = Debug|Any CPU
		{75D14C45-3B2B-4701-AE56-97FB0221BF78}.Debug|Any CPU.Build.0 = Debug|Any CPU
		{75D14C45-3B2B-4701-AE56-97FB0221BF78}.Release|Any CPU.ActiveCfg = Release|Any CPU
		{75D14C45-3B2B-4701-AE56-97FB0221BF78}.Release|Any CPU.Build.0 = Release|Any CPU
		{06BB859D-6F72-4E92-884B-8E2D8038F3E5}.Debug|Any CPU.ActiveCfg = Debug|Any CPU
		{06BB859D-6F72-4E92-884B-8E2D8038F3E5}.Debug|Any CPU.Build.0 = Debug|Any CPU
		{06BB859D-6F72-4E92-884B-8E2D8038F3E5}.Release|Any CPU.ActiveCfg = Release|Any CPU
		{06BB859D-6F72-4E92-884B-8E2D8038F3E5}.Release|Any CPU.Build.0 = Release|Any CPU
		{5C5249C0-1C8B-44F3-99FC-B41567C19EFE}.Debug|Any CPU.ActiveCfg = Debug|Any CPU
		{5C5249C0-1C8B-44F3-99FC-B41567C19EFE}.Debug|Any CPU.Build.0 = Debug|Any CPU
		{5C5249C0-1C8B-44F3-99FC-B41567C19EFE}.Release|Any CPU.ActiveCfg = Release|Any CPU
		{5C5249C0-1C8B-44F3-99FC-B41567C19EFE}.Release|Any CPU.Build.0 = Release|Any CPU
		{0B58586A-2EBA-4157-B1A3-BC8CE5A0694F}.Debug|Any CPU.ActiveCfg = Debug|Any CPU
		{0B58586A-2EBA-4157-B1A3-BC8CE5A0694F}.Debug|Any CPU.Build.0 = Debug|Any CPU
		{0B58586A-2EBA-4157-B1A3-BC8CE5A0694F}.Release|Any CPU.ActiveCfg = Release|Any CPU
		{0B58586A-2EBA-4157-B1A3-BC8CE5A0694F}.Release|Any CPU.Build.0 = Release|Any CPU
	EndGlobalSection
	GlobalSection(SolutionProperties) = preSolution
		HideSolutionNode = FALSE
	EndGlobalSection
	GlobalSection(ExtensibilityGlobals) = postSolution
		SolutionGuid = {D3E3DB99-054D-49F8-8999-D3386D840BF8}
	EndGlobalSection
EndGlobal
